
Microsoft Visual Studio Solution File, Format Version 12.00
# Visual Studio Version 16
VisualStudioVersion = 16.0.31313.79
MinimumVisualStudioVersion = 10.0.40219.1
Project("{9A19103F-16F7-4668-BE54-9A1E7A4F7556}") = "TodoApp.Models", "TodoApp.Models\TodoApp.Models.csproj", "{3A7ACB8F-1A1E-460B-B39F-4FA1116D49EE}"
EndProject
Project("{2150E333-8FDC-42A3-9474-1A3956D46DE8}") = "UI", "UI", "{2C9974B1-8DAB-4F9F-8B5F-0AE4CB83F62B}"
EndProject
Project("{9A19103F-16F7-4668-BE54-9A1E7A4F7556}") = "TodoApp.ConsoleApp", "TodoApp.ConsoleApp\TodoApp.ConsoleApp.csproj", "{1EDA1CE0-6EBA-4CAE-BADD-83A58AE33479}"
EndProject
Project("{9A19103F-16F7-4668-BE54-9A1E7A4F7556}") = "TodoApp.ConsoleAppFile", "TodoApp.ConsoleAppFile\TodoApp.ConsoleAppFile.csproj", "{650BAB20-0742-4179-A554-B219DB1D7E55}"
EndProject
Project("{9A19103F-16F7-4668-BE54-9A1E7A4F7556}") = "TodoApp.WindowsFormsApp", "TodoApp.WindowsFormsApp\TodoApp.WindowsFormsApp.csproj", "{024D41EE-B431-4577-A4FD-EBA66E0B5435}"
EndProject
Project("{2150E333-8FDC-42A3-9474-1A3956D46DE8}") = "API", "API", "{8B9B0F41-3A8A-4658-84E9-0DD27FB6ACB8}"
EndProject
Project("{FAE04EC0-301F-11D3-BF4B-00C04F79EFBC}") = "TodoApp.Apis", "TodoApp.Apis\TodoApp.Apis.csproj", "{6C04E5C2-AA0B-4EAD-88E3-3B09C1606097}"
EndProject
Global
	GlobalSection(SolutionConfigurationPlatforms) = preSolution
		Debug|Any CPU = Debug|Any CPU
		Release|Any CPU = Release|Any CPU
	EndGlobalSection
	GlobalSection(ProjectConfigurationPlatforms) = postSolution
		{3A7ACB8F-1A1E-460B-B39F-4FA1116D49EE}.Debug|Any CPU.ActiveCfg = Debug|Any CPU
		{3A7ACB8F-1A1E-460B-B39F-4FA1116D49EE}.Debug|Any CPU.Build.0 = Debug|Any CPU
		{3A7ACB8F-1A1E-460B-B39F-4FA1116D49EE}.Release|Any CPU.ActiveCfg = Release|Any CPU
		{3A7ACB8F-1A1E-460B-B39F-4FA1116D49EE}.Release|Any CPU.Build.0 = Release|Any CPU
		{1EDA1CE0-6EBA-4CAE-BADD-83A58AE33479}.Debug|Any CPU.ActiveCfg = Debug|Any CPU
		{1EDA1CE0-6EBA-4CAE-BADD-83A58AE33479}.Debug|Any CPU.Build.0 = Debug|Any CPU
		{1EDA1CE0-6EBA-4CAE-BADD-83A58AE33479}.Release|Any CPU.ActiveCfg = Release|Any CPU
		{1EDA1CE0-6EBA-4CAE-BADD-83A58AE33479}.Release|Any CPU.Build.0 = Release|Any CPU
		{650BAB20-0742-4179-A554-B219DB1D7E55}.Debug|Any CPU.ActiveCfg = Debug|Any CPU
		{650BAB20-0742-4179-A554-B219DB1D7E55}.Debug|Any CPU.Build.0 = Debug|Any CPU
		{650BAB20-0742-4179-A554-B219DB1D7E55}.Release|Any CPU.ActiveCfg = Release|Any CPU
		{650BAB20-0742-4179-A554-B219DB1D7E55}.Release|Any CPU.Build.0 = Release|Any CPU
		{024D41EE-B431-4577-A4FD-EBA66E0B5435}.Debug|Any CPU.ActiveCfg = Debug|Any CPU
		{024D41EE-B431-4577-A4FD-EBA66E0B5435}.Debug|Any CPU.Build.0 = Debug|Any CPU
		{024D41EE-B431-4577-A4FD-EBA66E0B5435}.Release|Any CPU.ActiveCfg = Release|Any CPU
		{024D41EE-B431-4577-A4FD-EBA66E0B5435}.Release|Any CPU.Build.0 = Release|Any CPU
		{6C04E5C2-AA0B-4EAD-88E3-3B09C1606097}.Debug|Any CPU.ActiveCfg = Debug|Any CPU
		{6C04E5C2-AA0B-4EAD-88E3-3B09C1606097}.Debug|Any CPU.Build.0 = Debug|Any CPU
		{6C04E5C2-AA0B-4EAD-88E3-3B09C1606097}.Release|Any CPU.ActiveCfg = Release|Any CPU
		{6C04E5C2-AA0B-4EAD-88E3-3B09C1606097}.Release|Any CPU.Build.0 = Release|Any CPU
	EndGlobalSection
	GlobalSection(SolutionProperties) = preSolution
		HideSolutionNode = FALSE
	EndGlobalSection
	GlobalSection(NestedProjects) = preSolution
		{1EDA1CE0-6EBA-4CAE-BADD-83A58AE33479} = {2C9974B1-8DAB-4F9F-8B5F-0AE4CB83F62B}
		{650BAB20-0742-4179-A554-B219DB1D7E55} = {2C9974B1-8DAB-4F9F-8B5F-0AE4CB83F62B}
		{024D41EE-B431-4577-A4FD-EBA66E0B5435} = {2C9974B1-8DAB-4F9F-8B5F-0AE4CB83F62B}
		{6C04E5C2-AA0B-4EAD-88E3-3B09C1606097} = {8B9B0F41-3A8A-4658-84E9-0DD27FB6ACB8}
	EndGlobalSection
	GlobalSection(ExtensibilityGlobals) = postSolution
		SolutionGuid = {24B65146-42B2-4C59-91CD-D3CFC91E4706}
	EndGlobalSection
EndGlobal
